
Microsoft Visual Studio Solution File, Format Version 12.00
# Visual Studio Version 17
VisualStudioVersion = 17.4.33213.308
MinimumVisualStudioVersion = 10.0.40219.1
Project("{9A19103F-16F7-4668-BE54-9A1E7A4F7556}") = "pipelines-dotnet-core", "pipelines-dotnet-core.csproj", "{09595DC2-4506-48C4-B3C9-064E443006B1}"
EndProject
Global
	GlobalSection(SolutionConfigurationPlatforms) = preSolution
		Debug|Any CPU = Debug|Any CPU
		Release|Any CPU = Release|Any CPU
	EndGlobalSection
	GlobalSection(ProjectConfigurationPlatforms) = postSolution
		{09595DC2-4506-48C4-B3C9-064E443006B1}.Debug|Any CPU.ActiveCfg = Debug|Any CPU
		{09595DC2-4506-48C4-B3C9-064E443006B1}.Debug|Any CPU.Build.0 = Debug|Any CPU
		{09595DC2-4506-48C4-B3C9-064E443006B1}.Release|Any CPU.ActiveCfg = Release|Any CPU
		{09595DC2-4506-48C4-B3C9-064E443006B1}.Release|Any CPU.Build.0 = Release|Any CPU
	EndGlobalSection
	GlobalSection(SolutionProperties) = preSolution
		HideSolutionNode = FALSE
	EndGlobalSection
	GlobalSection(ExtensibilityGlobals) = postSolution
		SolutionGuid = {2C1A9EAD-8FB3-4D88-9C41-2F84EC0BFD6A}
	EndGlobalSection
EndGlobal
